{
    "_readme": [
        "This file locks the dependencies of your project to a known state",
        "Read more about it at https://getcomposer.org/doc/01-basic-usage.md#composer-lock-the-lock-file",
        "This file is @generated automatically"
    ],
    "hash": "aa636312827555c2a2e736bd4079742d",
    "content-hash": "56897a5ded212e2dbf23a8578963884c",
    "packages": [
        {
            "name": "willdurand/negotiation",
            "version": "v2.0.2",
            "source": {
                "type": "git",
                "url": "https://github.com/willdurand/Negotiation.git",
                "reference": "a8ce6da7acdf07351ccd6a9359c571ebc0725a21"
            },
            "dist": {
                "type": "zip",
                "url": "https://api.github.com/repos/willdurand/Negotiation/zipball/a8ce6da7acdf07351ccd6a9359c571ebc0725a21",
                "reference": "a8ce6da7acdf07351ccd6a9359c571ebc0725a21",
                "shasum": ""
            },
            "require": {
                "php": ">=5.4.0"
            },
            "type": "library",
            "extra": {
                "branch-alias": {
                    "dev-master": "2.0-dev"
                }
            },
            "autoload": {
                "psr-4": {
                    "Negotiation\\": "src/Negotiation"
                }
            },
            "notification-url": "https://packagist.org/downloads/",
            "license": [
                "MIT"
            ],
            "authors": [
                {
                    "name": "William Durand",
                    "email": "will+git@drnd.me"
                }
            ],
            "description": "Content Negotiation tools for PHP provided as a standalone library.",
            "homepage": "http://williamdurand.fr/Negotiation/",
            "keywords": [
                "accept",
                "content",
                "format",
                "header",
                "negotiation"
            ],
            "time": "2015-11-21 14:23:02"
        }
    ],
    "packages-dev": [],
    "aliases": [],
    "minimum-stability": "stable",
    "stability-flags": {
        "willdurand/negotiation": 0
    },
    "prefer-stable": false,
    "prefer-lowest": false,
    "platform": [],
    "platform-dev": []
}
